// !$*UTF8*$!
{
	archiveVersion = 1;
	classes = {
	};
	objectVersion = 54;
	objects = {

/* Begin PBXBuildFile section */
		00E356F31AD99517003FC87E /* PS33232_NguyenQuocVuongTests.m in Sources */ = {isa = PBXBuildFile; fileRef = 00E356F21AD99517003FC87E /* PS33232_NguyenQuocVuongTests.m */; };
		0C80B921A6F3F58F76C31292 /* libPods-PS33232_NguyenQuocVuong.a in Frameworks */ = {isa = PBXBuildFile; fileRef = 5DCACB8F33CDC322A6C60F78 /* libPods-PS33232_NguyenQuocVuong.a */; };
		13B07FBC1A68108700A75B9A /* AppDelegate.mm in Sources */ = {isa = PBXBuildFile; fileRef = 13B07FB01A68108700A75B9A /* AppDelegate.mm */; };
		13B07FBF1A68108700A75B9A /* Images.xcassets in Resources */ = {isa = PBXBuildFile; fileRef = 13B07FB51A68108700A75B9A /* Images.xcassets */; };
		13B07FC11A68108700A75B9A /* main.m in Sources */ = {isa = PBXBuildFile; fileRef = 13B07FB71A68108700A75B9A /* main.m */; };
		7699B88040F8A987B510C191 /* libPods-PS33232_NguyenQuocVuong-PS33232_NguyenQuocVuongTests.a in Frameworks */ = {isa = PBXBuildFile; fileRef = 19F6CBCC0A4E27FBF8BF4A61 /* libPods-PS33232_NguyenQuocVuong-PS33232_NguyenQuocVuongTests.a */; };
		81AB9BB82411601600AC10FF /* LaunchScreen.storyboard in Resources */ = {isa = PBXBuildFile; fileRef = 81AB9BB72411601600AC10FF /* LaunchScreen.storyboard */; };
		D6B5842113684F17B35C3A22 /* Lato-Black.ttf in Resources */ = {isa = PBXBuildFile; fileRef = D8307E0753754B75A0F0DB7B /* Lato-Black.ttf */; };
		F5421D1CE452402EA9BA26C1 /* Lato-BlackItalic.ttf in Resources */ = {isa = PBXBuildFile; fileRef = B66DBC556DA948E6B290FA72 /* Lato-BlackItalic.ttf */; };
		9FB120C1F7AE424A901E0345 /* Lato-Bold.ttf in Resources */ = {isa = PBXBuildFile; fileRef = 131ADCFD22EA433BBDC17234 /* Lato-Bold.ttf */; };
		850011BF914B4100B0FEF6B5 /* Lato-BoldItalic.ttf in Resources */ = {isa = PBXBuildFile; fileRef = 2BBA4F15B1AD4FDE98EF4643 /* Lato-BoldItalic.ttf */; };
		BB3032249BFB4F379BB753BB /* Lato-Italic.ttf in Resources */ = {isa = PBXBuildFile; fileRef = 5F553B4151064590BCAC09DC /* Lato-Italic.ttf */; };
		47D48D683A1F4623BE6DBAAC /* Lato-Light.ttf in Resources */ = {isa = PBXBuildFile; fileRef = EC3C779E92864983A7843ABC /* Lato-Light.ttf */; };
		ADB0444688324932AFC7E144 /* Lato-LightItalic.ttf in Resources */ = {isa = PBXBuildFile; fileRef = ED3DC08041444817B5F53513 /* Lato-LightItalic.ttf */; };
		2ADC77264FF747E98C0481FE /* Lato-Regular.ttf in Resources */ = {isa = PBXBuildFile; fileRef = 0C91E27F8B3E423094881864 /* Lato-Regular.ttf */; };
		880CF929A1C84A60A2DA0BDB /* Lato-Thin.ttf in Resources */ = {isa = PBXBuildFile; fileRef = A754299EE1ED4660BF79D7A5 /* Lato-Thin.ttf */; };
		699BF3BE7A114973A6B0DDD9 /* Lato-ThinItalic.ttf in Resources */ = {isa = PBXBuildFile; fileRef = 86A1B34488924DD09B7A6B44 /* Lato-ThinItalic.ttf */; };
		05CAF7208BB943168E557A43 /* Poppins-Black.ttf in Resources */ = {isa = PBXBuildFile; fileRef = 8ECF93696BD24B37AA2F2ECB /* Poppins-Black.ttf */; };
		9FE9DD27655549929E129407 /* Poppins-BlackItalic.ttf in Resources */ = {isa = PBXBuildFile; fileRef = CD07D9049FF84991B6091B4E /* Poppins-BlackItalic.ttf */; };
		F0AC614E927D4F0485C7F75B /* Poppins-Bold.ttf in Resources */ = {isa = PBXBuildFile; fileRef = D0001655571F4EA3A8DFC886 /* Poppins-Bold.ttf */; };
		ECA2572FB2B848A3865B9582 /* Poppins-BoldItalic.ttf in Resources */ = {isa = PBXBuildFile; fileRef = 690EFEA0431F4796A7A8884F /* Poppins-BoldItalic.ttf */; };
		E29C53B8B642470188E6E7AA /* Poppins-ExtraBold.ttf in Resources */ = {isa = PBXBuildFile; fileRef = DD0D01C505664F4BA2C5F7A6 /* Poppins-ExtraBold.ttf */; };
		541F03CE87B24828B1316702 /* Poppins-ExtraBoldItalic.ttf in Resources */ = {isa = PBXBuildFile; fileRef = 3B41A15004BC4DA3895250E1 /* Poppins-ExtraBoldItalic.ttf */; };
		0963E2DB529C4647AC27C0FD /* Poppins-ExtraLight.ttf in Resources */ = {isa = PBXBuildFile; fileRef = 8AE9D33B4B0F4B3E8437B1EE /* Poppins-ExtraLight.ttf */; };
		AB55E3D770F64678B744A566 /* Poppins-ExtraLightItalic.ttf in Resources */ = {isa = PBXBuildFile; fileRef = 08FECFE40FB14B3D9DBB6E8A /* Poppins-ExtraLightItalic.ttf */; };
		97581068333047D7B3B2DBE3 /* Poppins-Italic.ttf in Resources */ = {isa = PBXBuildFile; fileRef = 7F2BB5B5C6314FD5B2F80523 /* Poppins-Italic.ttf */; };
		49B6B8EE9B954700B093C1A5 /* Poppins-Light.ttf in Resources */ = {isa = PBXBuildFile; fileRef = 4A44083193B046C3A0DB1F6C /* Poppins-Light.ttf */; };
		11D5D30AACAC4427A2DAC4C1 /* Poppins-LightItalic.ttf in Resources */ = {isa = PBXBuildFile; fileRef = AF99D6F0C91345E3A3D1C2C3 /* Poppins-LightItalic.ttf */; };
		1DE6A2A8813445BB908C3A31 /* Poppins-Medium.ttf in Resources */ = {isa = PBXBuildFile; fileRef = 42F67257A1B043C2A70147C1 /* Poppins-Medium.ttf */; };
		C78F4083005F4F13936F613D /* Poppins-MediumItalic.ttf in Resources */ = {isa = PBXBuildFile; fileRef = FFAA02E8FF754E05B51D2197 /* Poppins-MediumItalic.ttf */; };
		3BC6ABE0414E488B9278976C /* Poppins-Regular.ttf in Resources */ = {isa = PBXBuildFile; fileRef = D3C5F375DAB44A108A9881F7 /* Poppins-Regular.ttf */; };
		B5D76B714E0B4E4BA812319B /* Poppins-SemiBold.ttf in Resources */ = {isa = PBXBuildFile; fileRef = C0ECDCC290314DC281A1B51D /* Poppins-SemiBold.ttf */; };
		D15FCC34BA214246885E2938 /* Poppins-SemiBoldItalic.ttf in Resources */ = {isa = PBXBuildFile; fileRef = DA9F949BCA73408092685B13 /* Poppins-SemiBoldItalic.ttf */; };
		728A40B62EC74C0C94E93E3B /* Poppins-Thin.ttf in Resources */ = {isa = PBXBuildFile; fileRef = 3F2861CAB43E472980F3E744 /* Poppins-Thin.ttf */; };
		D29B30900D954A18B3F436DD /* Poppins-ThinItalic.ttf in Resources */ = {isa = PBXBuildFile; fileRef = 62E55F0C8A0E4F4B95CDA56A /* Poppins-ThinItalic.ttf */; };
		20C2B1190C504DC78C7DADAF /* Lato.zip in Resources */ = {isa = PBXBuildFile; fileRef = 1C48856FACFA40EAB3C2994B /* Lato.zip */; };
		95EF0CBAB1D743FC92AF1A6A /* OFL.txt in Resources */ = {isa = PBXBuildFile; fileRef = 16D67D99798F4514B5539D9E /* OFL.txt */; };
		BCD9F149D3734A4685964C3F /* Poppins.zip in Resources */ = {isa = PBXBuildFile; fileRef = 5551B5E1A1714B978E407B91 /* Poppins.zip */; };
/* End PBXBuildFile section */

/* Begin PBXContainerItemProxy section */
		00E356F41AD99517003FC87E /* PBXContainerItemProxy */ = {
			isa = PBXContainerItemProxy;
			containerPortal = 83CBB9F71A601CBA00E9B192 /* Project object */;
			proxyType = 1;
			remoteGlobalIDString = 13B07F861A680F5B00A75B9A;
			remoteInfo = PS33232_NguyenQuocVuong;
		};
/* End PBXContainerItemProxy section */

/* Begin PBXFileReference section */
		00E356EE1AD99517003FC87E /* PS33232_NguyenQuocVuongTests.xctest */ = {isa = PBXFileReference; explicitFileType = wrapper.cfbundle; includeInIndex = 0; path = PS33232_NguyenQuocVuongTests.xctest; sourceTree = BUILT_PRODUCTS_DIR; };
		00E356F11AD99517003FC87E /* Info.plist */ = {isa = PBXFileReference; lastKnownFileType = text.plist.xml; path = Info.plist; sourceTree = "<group>"; };
		00E356F21AD99517003FC87E /* PS33232_NguyenQuocVuongTests.m */ = {isa = PBXFileReference; lastKnownFileType = sourcecode.c.objc; path = PS33232_NguyenQuocVuongTests.m; sourceTree = "<group>"; };
		13B07F961A680F5B00A75B9A /* PS33232_NguyenQuocVuong.app */ = {isa = PBXFileReference; explicitFileType = wrapper.application; includeInIndex = 0; path = PS33232_NguyenQuocVuong.app; sourceTree = BUILT_PRODUCTS_DIR; };
		13B07FAF1A68108700A75B9A /* AppDelegate.h */ = {isa = PBXFileReference; fileEncoding = 4; lastKnownFileType = sourcecode.c.h; name = AppDelegate.h; path = PS33232_NguyenQuocVuong/AppDelegate.h; sourceTree = "<group>"; };
		13B07FB01A68108700A75B9A /* AppDelegate.mm */ = {isa = PBXFileReference; fileEncoding = 4; lastKnownFileType = sourcecode.cpp.objcpp; name = AppDelegate.mm; path = PS33232_NguyenQuocVuong/AppDelegate.mm; sourceTree = "<group>"; };
		13B07FB51A68108700A75B9A /* Images.xcassets */ = {isa = PBXFileReference; lastKnownFileType = folder.assetcatalog; name = Images.xcassets; path = PS33232_NguyenQuocVuong/Images.xcassets; sourceTree = "<group>"; };
		13B07FB61A68108700A75B9A /* Info.plist */ = {isa = PBXFileReference; fileEncoding = 4; lastKnownFileType = text.plist.xml; name = Info.plist; path = PS33232_NguyenQuocVuong/Info.plist; sourceTree = "<group>"; };
		13B07FB71A68108700A75B9A /* main.m */ = {isa = PBXFileReference; fileEncoding = 4; lastKnownFileType = sourcecode.c.objc; name = main.m; path = PS33232_NguyenQuocVuong/main.m; sourceTree = "<group>"; };
		19F6CBCC0A4E27FBF8BF4A61 /* libPods-PS33232_NguyenQuocVuong-PS33232_NguyenQuocVuongTests.a */ = {isa = PBXFileReference; explicitFileType = archive.ar; includeInIndex = 0; path = "libPods-PS33232_NguyenQuocVuong-PS33232_NguyenQuocVuongTests.a"; sourceTree = BUILT_PRODUCTS_DIR; };
		3B4392A12AC88292D35C810B /* Pods-PS33232_NguyenQuocVuong.debug.xcconfig */ = {isa = PBXFileReference; includeInIndex = 1; lastKnownFileType = text.xcconfig; name = "Pods-PS33232_NguyenQuocVuong.debug.xcconfig"; path = "Target Support Files/Pods-PS33232_NguyenQuocVuong/Pods-PS33232_NguyenQuocVuong.debug.xcconfig"; sourceTree = "<group>"; };
		5709B34CF0A7D63546082F79 /* Pods-PS33232_NguyenQuocVuong.release.xcconfig */ = {isa = PBXFileReference; includeInIndex = 1; lastKnownFileType = text.xcconfig; name = "Pods-PS33232_NguyenQuocVuong.release.xcconfig"; path = "Target Support Files/Pods-PS33232_NguyenQuocVuong/Pods-PS33232_NguyenQuocVuong.release.xcconfig"; sourceTree = "<group>"; };
		5B7EB9410499542E8C5724F5 /* Pods-PS33232_NguyenQuocVuong-PS33232_NguyenQuocVuongTests.debug.xcconfig */ = {isa = PBXFileReference; includeInIndex = 1; lastKnownFileType = text.xcconfig; name = "Pods-PS33232_NguyenQuocVuong-PS33232_NguyenQuocVuongTests.debug.xcconfig"; path = "Target Support Files/Pods-PS33232_NguyenQuocVuong-PS33232_NguyenQuocVuongTests/Pods-PS33232_NguyenQuocVuong-PS33232_NguyenQuocVuongTests.debug.xcconfig"; sourceTree = "<group>"; };
		5DCACB8F33CDC322A6C60F78 /* libPods-PS33232_NguyenQuocVuong.a */ = {isa = PBXFileReference; explicitFileType = archive.ar; includeInIndex = 0; path = "libPods-PS33232_NguyenQuocVuong.a"; sourceTree = BUILT_PRODUCTS_DIR; };
		81AB9BB72411601600AC10FF /* LaunchScreen.storyboard */ = {isa = PBXFileReference; fileEncoding = 4; lastKnownFileType = file.storyboard; name = LaunchScreen.storyboard; path = PS33232_NguyenQuocVuong/LaunchScreen.storyboard; sourceTree = "<group>"; };
		89C6BE57DB24E9ADA2F236DE /* Pods-PS33232_NguyenQuocVuong-PS33232_NguyenQuocVuongTests.release.xcconfig */ = {isa = PBXFileReference; includeInIndex = 1; lastKnownFileType = text.xcconfig; name = "Pods-PS33232_NguyenQuocVuong-PS33232_NguyenQuocVuongTests.release.xcconfig"; path = "Target Support Files/Pods-PS33232_NguyenQuocVuong-PS33232_NguyenQuocVuongTests/Pods-PS33232_NguyenQuocVuong-PS33232_NguyenQuocVuongTests.release.xcconfig"; sourceTree = "<group>"; };
		ED297162215061F000B7C4FE /* JavaScriptCore.framework */ = {isa = PBXFileReference; lastKnownFileType = wrapper.framework; name = JavaScriptCore.framework; path = System/Library/Frameworks/JavaScriptCore.framework; sourceTree = SDKROOT; };
		D8307E0753754B75A0F0DB7B /* Lato-Black.ttf */ = {isa = PBXFileReference; name = "Lato-Black.ttf"; path = "../assets/fonts/Lato-Black.ttf"; sourceTree = "<group>"; fileEncoding = undefined; lastKnownFileType = unknown; explicitFileType = undefined; includeInIndex = 0; };
		B66DBC556DA948E6B290FA72 /* Lato-BlackItalic.ttf */ = {isa = PBXFileReference; name = "Lato-BlackItalic.ttf"; path = "../assets/fonts/Lato-BlackItalic.ttf"; sourceTree = "<group>"; fileEncoding = undefined; lastKnownFileType = unknown; explicitFileType = undefined; includeInIndex = 0; };
		131ADCFD22EA433BBDC17234 /* Lato-Bold.ttf */ = {isa = PBXFileReference; name = "Lato-Bold.ttf"; path = "../assets/fonts/Lato-Bold.ttf"; sourceTree = "<group>"; fileEncoding = undefined; lastKnownFileType = unknown; explicitFileType = undefined; includeInIndex = 0; };
		2BBA4F15B1AD4FDE98EF4643 /* Lato-BoldItalic.ttf */ = {isa = PBXFileReference; name = "Lato-BoldItalic.ttf"; path = "../assets/fonts/Lato-BoldItalic.ttf"; sourceTree = "<group>"; fileEncoding = undefined; lastKnownFileType = unknown; explicitFileType = undefined; includeInIndex = 0; };
		5F553B4151064590BCAC09DC /* Lato-Italic.ttf */ = {isa = PBXFileReference; name = "Lato-Italic.ttf"; path = "../assets/fonts/Lato-Italic.ttf"; sourceTree = "<group>"; fileEncoding = undefined; lastKnownFileType = unknown; explicitFileType = undefined; includeInIndex = 0; };
		EC3C779E92864983A7843ABC /* Lato-Light.ttf */ = {isa = PBXFileReference; name = "Lato-Light.ttf"; path = "../assets/fonts/Lato-Light.ttf"; sourceTree = "<group>"; fileEncoding = undefined; lastKnownFileType = unknown; explicitFileType = undefined; includeInIndex = 0; };
		ED3DC08041444817B5F53513 /* Lato-LightItalic.ttf */ = {isa = PBXFileReference; name = "Lato-LightItalic.ttf"; path = "../assets/fonts/Lato-LightItalic.ttf"; sourceTree = "<group>"; fileEncoding = undefined; lastKnownFileType = unknown; explicitFileType = undefined; includeInIndex = 0; };
		0C91E27F8B3E423094881864 /* Lato-Regular.ttf */ = {isa = PBXFileReference; name = "Lato-Regular.ttf"; path = "../assets/fonts/Lato-Regular.ttf"; sourceTree = "<group>"; fileEncoding = undefined; lastKnownFileType = unknown; explicitFileType = undefined; includeInIndex = 0; };
		A754299EE1ED4660BF79D7A5 /* Lato-Thin.ttf */ = {isa = PBXFileReference; name = "Lato-Thin.ttf"; path = "../assets/fonts/Lato-Thin.ttf"; sourceTree = "<group>"; fileEncoding = undefined; lastKnownFileType = unknown; explicitFileType = undefined; includeInIndex = 0; };
		86A1B34488924DD09B7A6B44 /* Lato-ThinItalic.ttf */ = {isa = PBXFileReference; name = "Lato-ThinItalic.ttf"; path = "../assets/fonts/Lato-ThinItalic.ttf"; sourceTree = "<group>"; fileEncoding = undefined; lastKnownFileType = unknown; explicitFileType = undefined; includeInIndex = 0; };
		8ECF93696BD24B37AA2F2ECB /* Poppins-Black.ttf */ = {isa = PBXFileReference; name = "Poppins-Black.ttf"; path = "../assets/fonts/Poppins-Black.ttf"; sourceTree = "<group>"; fileEncoding = undefined; lastKnownFileType = unknown; explicitFileType = undefined; includeInIndex = 0; };
		CD07D9049FF84991B6091B4E /* Poppins-BlackItalic.ttf */ = {isa = PBXFileReference; name = "Poppins-BlackItalic.ttf"; path = "../assets/fonts/Poppins-BlackItalic.ttf"; sourceTree = "<group>"; fileEncoding = undefined; lastKnownFileType = unknown; explicitFileType = undefined; includeInIndex = 0; };
		D0001655571F4EA3A8DFC886 /* Poppins-Bold.ttf */ = {isa = PBXFileReference; name = "Poppins-Bold.ttf"; path = "../assets/fonts/Poppins-Bold.ttf"; sourceTree = "<group>"; fileEncoding = undefined; lastKnownFileType = unknown; explicitFileType = undefined; includeInIndex = 0; };
		690EFEA0431F4796A7A8884F /* Poppins-BoldItalic.ttf */ = {isa = PBXFileReference; name = "Poppins-BoldItalic.ttf"; path = "../assets/fonts/Poppins-BoldItalic.ttf"; sourceTree = "<group>"; fileEncoding = undefined; lastKnownFileType = unknown; explicitFileType = undefined; includeInIndex = 0; };
		DD0D01C505664F4BA2C5F7A6 /* Poppins-ExtraBold.ttf */ = {isa = PBXFileReference; name = "Poppins-ExtraBold.ttf"; path = "../assets/fonts/Poppins-ExtraBold.ttf"; sourceTree = "<group>"; fileEncoding = undefined; lastKnownFileType = unknown; explicitFileType = undefined; includeInIndex = 0; };
		3B41A15004BC4DA3895250E1 /* Poppins-ExtraBoldItalic.ttf */ = {isa = PBXFileReference; name = "Poppins-ExtraBoldItalic.ttf"; path = "../assets/fonts/Poppins-ExtraBoldItalic.ttf"; sourceTree = "<group>"; fileEncoding = undefined; lastKnownFileType = unknown; explicitFileType = undefined; includeInIndex = 0; };
		8AE9D33B4B0F4B3E8437B1EE /* Poppins-ExtraLight.ttf */ = {isa = PBXFileReference; name = "Poppins-ExtraLight.ttf"; path = "../assets/fonts/Poppins-ExtraLight.ttf"; sourceTree = "<group>"; fileEncoding = undefined; lastKnownFileType = unknown; explicitFileType = undefined; includeInIndex = 0; };
		08FECFE40FB14B3D9DBB6E8A /* Poppins-ExtraLightItalic.ttf */ = {isa = PBXFileReference; name = "Poppins-ExtraLightItalic.ttf"; path = "../assets/fonts/Poppins-ExtraLightItalic.ttf"; sourceTree = "<group>"; fileEncoding = undefined; lastKnownFileType = unknown; explicitFileType = undefined; includeInIndex = 0; };
		7F2BB5B5C6314FD5B2F80523 /* Poppins-Italic.ttf */ = {isa = PBXFileReference; name = "Poppins-Italic.ttf"; path = "../assets/fonts/Poppins-Italic.ttf"; sourceTree = "<group>"; fileEncoding = undefined; lastKnownFileType = unknown; explicitFileType = undefined; includeInIndex = 0; };
		4A44083193B046C3A0DB1F6C /* Poppins-Light.ttf */ = {isa = PBXFileReference; name = "Poppins-Light.ttf"; path = "../assets/fonts/Poppins-Light.ttf"; sourceTree = "<group>"; fileEncoding = undefined; lastKnownFileType = unknown; explicitFileType = undefined; includeInIndex = 0; };
		AF99D6F0C91345E3A3D1C2C3 /* Poppins-LightItalic.ttf */ = {isa = PBXFileReference; name = "Poppins-LightItalic.ttf"; path = "../assets/fonts/Poppins-LightItalic.ttf"; sourceTree = "<group>"; fileEncoding = undefined; lastKnownFileType = unknown; explicitFileType = undefined; includeInIndex = 0; };
		42F67257A1B043C2A70147C1 /* Poppins-Medium.ttf */ = {isa = PBXFileReference; name = "Poppins-Medium.ttf"; path = "../assets/fonts/Poppins-Medium.ttf"; sourceTree = "<group>"; fileEncoding = undefined; lastKnownFileType = unknown; explicitFileType = undefined; includeInIndex = 0; };
		FFAA02E8FF754E05B51D2197 /* Poppins-MediumItalic.ttf */ = {isa = PBXFileReference; name = "Poppins-MediumItalic.ttf"; path = "../assets/fonts/Poppins-MediumItalic.ttf"; sourceTree = "<group>"; fileEncoding = undefined; lastKnownFileType = unknown; explicitFileType = undefined; includeInIndex = 0; };
		D3C5F375DAB44A108A9881F7 /* Poppins-Regular.ttf */ = {isa = PBXFileReference; name = "Poppins-Regular.ttf"; path = "../assets/fonts/Poppins-Regular.ttf"; sourceTree = "<group>"; fileEncoding = undefined; lastKnownFileType = unknown; explicitFileType = undefined; includeInIndex = 0; };
		C0ECDCC290314DC281A1B51D /* Poppins-SemiBold.ttf */ = {isa = PBXFileReference; name = "Poppins-SemiBold.ttf"; path = "../assets/fonts/Poppins-SemiBold.ttf"; sourceTree = "<group>"; fileEncoding = undefined; lastKnownFileType = unknown; explicitFileType = undefined; includeInIndex = 0; };
		DA9F949BCA73408092685B13 /* Poppins-SemiBoldItalic.ttf */ = {isa = PBXFileReference; name = "Poppins-SemiBoldItalic.ttf"; path = "../assets/fonts/Poppins-SemiBoldItalic.ttf"; sourceTree = "<group>"; fileEncoding = undefined; lastKnownFileType = unknown; explicitFileType = undefined; includeInIndex = 0; };
		3F2861CAB43E472980F3E744 /* Poppins-Thin.ttf */ = {isa = PBXFileReference; name = "Poppins-Thin.ttf"; path = "../assets/fonts/Poppins-Thin.ttf"; sourceTree = "<group>"; fileEncoding = undefined; lastKnownFileType = unknown; explicitFileType = undefined; includeInIndex = 0; };
		62E55F0C8A0E4F4B95CDA56A /* Poppins-ThinItalic.ttf */ = {isa = PBXFileReference; name = "Poppins-ThinItalic.ttf"; path = "../assets/fonts/Poppins-ThinItalic.ttf"; sourceTree = "<group>"; fileEncoding = undefined; lastKnownFileType = unknown; explicitFileType = undefined; includeInIndex = 0; };
		1C48856FACFA40EAB3C2994B /* Lato.zip */ = {isa = PBXFileReference; name = "Lato.zip"; path = "../assets/fonts/Lato.zip"; sourceTree = "<group>"; fileEncoding = undefined; lastKnownFileType = unknown; explicitFileType = undefined; includeInIndex = 0; };
		16D67D99798F4514B5539D9E /* OFL.txt */ = {isa = PBXFileReference; name = "OFL.txt"; path = "../assets/fonts/OFL.txt"; sourceTree = "<group>"; fileEncoding = undefined; lastKnownFileType = unknown; explicitFileType = undefined; includeInIndex = 0; };
		5551B5E1A1714B978E407B91 /* Poppins.zip */ = {isa = PBXFileReference; name = "Poppins.zip"; path = "../assets/fonts/Poppins.zip"; sourceTree = "<group>"; fileEncoding = undefined; lastKnownFileType = unknown; explicitFileType = undefined; includeInIndex = 0; };
/* End PBXFileReference section */

/* Begin PBXFrameworksBuildPhase section */
		00E356EB1AD99517003FC87E /* Frameworks */ = {
			isa = PBXFrameworksBuildPhase;
			buildActionMask = 2147483647;
			files = (
				7699B88040F8A987B510C191 /* libPods-PS33232_NguyenQuocVuong-PS33232_NguyenQuocVuongTests.a in Frameworks */,
			);
			runOnlyForDeploymentPostprocessing = 0;
		};
		13B07F8C1A680F5B00A75B9A /* Frameworks */ = {
			isa = PBXFrameworksBuildPhase;
			buildActionMask = 2147483647;
			files = (
				0C80B921A6F3F58F76C31292 /* libPods-PS33232_NguyenQuocVuong.a in Frameworks */,
			);
			runOnlyForDeploymentPostprocessing = 0;
		};
/* End PBXFrameworksBuildPhase section */

/* Begin PBXGroup section */
		00E356EF1AD99517003FC87E /* PS33232_NguyenQuocVuongTests */ = {
			isa = PBXGroup;
			children = (
				00E356F21AD99517003FC87E /* PS33232_NguyenQuocVuongTests.m */,
				00E356F01AD99517003FC87E /* Supporting Files */,
			);
			path = PS33232_NguyenQuocVuongTests;
			sourceTree = "<group>";
		};
		00E356F01AD99517003FC87E /* Supporting Files */ = {
			isa = PBXGroup;
			children = (
				00E356F11AD99517003FC87E /* Info.plist */,
			);
			name = "Supporting Files";
			sourceTree = "<group>";
		};
		13B07FAE1A68108700A75B9A /* PS33232_NguyenQuocVuong */ = {
			isa = PBXGroup;
			children = (
				13B07FAF1A68108700A75B9A /* AppDelegate.h */,
				13B07FB01A68108700A75B9A /* AppDelegate.mm */,
				13B07FB51A68108700A75B9A /* Images.xcassets */,
				13B07FB61A68108700A75B9A /* Info.plist */,
				81AB9BB72411601600AC10FF /* LaunchScreen.storyboard */,
				13B07FB71A68108700A75B9A /* main.m */,
			);
			name = PS33232_NguyenQuocVuong;
			sourceTree = "<group>";
		};
		2D16E6871FA4F8E400B85C8A /* Frameworks */ = {
			isa = PBXGroup;
			children = (
				ED297162215061F000B7C4FE /* JavaScriptCore.framework */,
				5DCACB8F33CDC322A6C60F78 /* libPods-PS33232_NguyenQuocVuong.a */,
				19F6CBCC0A4E27FBF8BF4A61 /* libPods-PS33232_NguyenQuocVuong-PS33232_NguyenQuocVuongTests.a */,
			);
			name = Frameworks;
			sourceTree = "<group>";
		};
		832341AE1AAA6A7D00B99B32 /* Libraries */ = {
			isa = PBXGroup;
			children = (
			);
			name = Libraries;
			sourceTree = "<group>";
		};
		83CBB9F61A601CBA00E9B192 = {
			isa = PBXGroup;
			children = (
				13B07FAE1A68108700A75B9A /* PS33232_NguyenQuocVuong */,
				832341AE1AAA6A7D00B99B32 /* Libraries */,
				00E356EF1AD99517003FC87E /* PS33232_NguyenQuocVuongTests */,
				83CBBA001A601CBA00E9B192 /* Products */,
				2D16E6871FA4F8E400B85C8A /* Frameworks */,
				BBD78D7AC51CEA395F1C20DB /* Pods */,
				34392966F7FE4D6CAAEC9FAE /* Resources */,
			);
			indentWidth = 2;
			sourceTree = "<group>";
			tabWidth = 2;
			usesTabs = 0;
		};
		83CBBA001A601CBA00E9B192 /* Products */ = {
			isa = PBXGroup;
			children = (
				13B07F961A680F5B00A75B9A /* PS33232_NguyenQuocVuong.app */,
				00E356EE1AD99517003FC87E /* PS33232_NguyenQuocVuongTests.xctest */,
			);
			name = Products;
			sourceTree = "<group>";
		};
		BBD78D7AC51CEA395F1C20DB /* Pods */ = {
			isa = PBXGroup;
			children = (
				3B4392A12AC88292D35C810B /* Pods-PS33232_NguyenQuocVuong.debug.xcconfig */,
				5709B34CF0A7D63546082F79 /* Pods-PS33232_NguyenQuocVuong.release.xcconfig */,
				5B7EB9410499542E8C5724F5 /* Pods-PS33232_NguyenQuocVuong-PS33232_NguyenQuocVuongTests.debug.xcconfig */,
				89C6BE57DB24E9ADA2F236DE /* Pods-PS33232_NguyenQuocVuong-PS33232_NguyenQuocVuongTests.release.xcconfig */,
			);
			path = Pods;
			sourceTree = "<group>";
		};
		34392966F7FE4D6CAAEC9FAE /* Resources */ = {
			isa = "PBXGroup";
			children = (
				D8307E0753754B75A0F0DB7B /* Lato-Black.ttf */,
				B66DBC556DA948E6B290FA72 /* Lato-BlackItalic.ttf */,
				131ADCFD22EA433BBDC17234 /* Lato-Bold.ttf */,
				2BBA4F15B1AD4FDE98EF4643 /* Lato-BoldItalic.ttf */,
				5F553B4151064590BCAC09DC /* Lato-Italic.ttf */,
				EC3C779E92864983A7843ABC /* Lato-Light.ttf */,
				ED3DC08041444817B5F53513 /* Lato-LightItalic.ttf */,
				0C91E27F8B3E423094881864 /* Lato-Regular.ttf */,
				A754299EE1ED4660BF79D7A5 /* Lato-Thin.ttf */,
				86A1B34488924DD09B7A6B44 /* Lato-ThinItalic.ttf */,
				8ECF93696BD24B37AA2F2ECB /* Poppins-Black.ttf */,
				CD07D9049FF84991B6091B4E /* Poppins-BlackItalic.ttf */,
				D0001655571F4EA3A8DFC886 /* Poppins-Bold.ttf */,
				690EFEA0431F4796A7A8884F /* Poppins-BoldItalic.ttf */,
				DD0D01C505664F4BA2C5F7A6 /* Poppins-ExtraBold.ttf */,
				3B41A15004BC4DA3895250E1 /* Poppins-ExtraBoldItalic.ttf */,
				8AE9D33B4B0F4B3E8437B1EE /* Poppins-ExtraLight.ttf */,
				08FECFE40FB14B3D9DBB6E8A /* Poppins-ExtraLightItalic.ttf */,
				7F2BB5B5C6314FD5B2F80523 /* Poppins-Italic.ttf */,
				4A44083193B046C3A0DB1F6C /* Poppins-Light.ttf */,
				AF99D6F0C91345E3A3D1C2C3 /* Poppins-LightItalic.ttf */,
				42F67257A1B043C2A70147C1 /* Poppins-Medium.ttf */,
				FFAA02E8FF754E05B51D2197 /* Poppins-MediumItalic.ttf */,
				D3C5F375DAB44A108A9881F7 /* Poppins-Regular.ttf */,
				C0ECDCC290314DC281A1B51D /* Poppins-SemiBold.ttf */,
				DA9F949BCA73408092685B13 /* Poppins-SemiBoldItalic.ttf */,
				3F2861CAB43E472980F3E744 /* Poppins-Thin.ttf */,
				62E55F0C8A0E4F4B95CDA56A /* Poppins-ThinItalic.ttf */,
				1C48856FACFA40EAB3C2994B /* Lato.zip */,
				16D67D99798F4514B5539D9E /* OFL.txt */,
				5551B5E1A1714B978E407B91 /* Poppins.zip */,
			);
			name = Resources;
			sourceTree = "<group>";
			path = "";
		};
/* End PBXGroup section */

/* Begin PBXNativeTarget section */
		00E356ED1AD99517003FC87E /* PS33232_NguyenQuocVuongTests */ = {
			isa = PBXNativeTarget;
			buildConfigurationList = 00E357021AD99517003FC87E /* Build configuration list for PBXNativeTarget "PS33232_NguyenQuocVuongTests" */;
			buildPhases = (
				A55EABD7B0C7F3A422A6CC61 /* [CP] Check Pods Manifest.lock */,
				00E356EA1AD99517003FC87E /* Sources */,
				00E356EB1AD99517003FC87E /* Frameworks */,
				00E356EC1AD99517003FC87E /* Resources */,
				C59DA0FBD6956966B86A3779 /* [CP] Embed Pods Frameworks */,
				F6A41C54EA430FDDC6A6ED99 /* [CP] Copy Pods Resources */,
			);
			buildRules = (
			);
			dependencies = (
				00E356F51AD99517003FC87E /* PBXTargetDependency */,
			);
			name = PS33232_NguyenQuocVuongTests;
			productName = PS33232_NguyenQuocVuongTests;
			productReference = 00E356EE1AD99517003FC87E /* PS33232_NguyenQuocVuongTests.xctest */;
			productType = "com.apple.product-type.bundle.unit-test";
		};
		13B07F861A680F5B00A75B9A /* PS33232_NguyenQuocVuong */ = {
			isa = PBXNativeTarget;
			buildConfigurationList = 13B07F931A680F5B00A75B9A /* Build configuration list for PBXNativeTarget "PS33232_NguyenQuocVuong" */;
			buildPhases = (
				C38B50BA6285516D6DCD4F65 /* [CP] Check Pods Manifest.lock */,
				13B07F871A680F5B00A75B9A /* Sources */,
				13B07F8C1A680F5B00A75B9A /* Frameworks */,
				13B07F8E1A680F5B00A75B9A /* Resources */,
				00DD1BFF1BD5951E006B06BC /* Bundle React Native code and images */,
				00EEFC60759A1932668264C0 /* [CP] Embed Pods Frameworks */,
				E235C05ADACE081382539298 /* [CP] Copy Pods Resources */,
			);
			buildRules = (
			);
			dependencies = (
			);
			name = PS33232_NguyenQuocVuong;
			productName = PS33232_NguyenQuocVuong;
			productReference = 13B07F961A680F5B00A75B9A /* PS33232_NguyenQuocVuong.app */;
			productType = "com.apple.product-type.application";
		};
/* End PBXNativeTarget section */

/* Begin PBXProject section */
		83CBB9F71A601CBA00E9B192 /* Project object */ = {
			isa = PBXProject;
			attributes = {
				LastUpgradeCheck = 1210;
				TargetAttributes = {
					00E356ED1AD99517003FC87E = {
						CreatedOnToolsVersion = 6.2;
						TestTargetID = 13B07F861A680F5B00A75B9A;
					};
					13B07F861A680F5B00A75B9A = {
						LastSwiftMigration = 1120;
					};
				};
			};
			buildConfigurationList = 83CBB9FA1A601CBA00E9B192 /* Build configuration list for PBXProject "PS33232_NguyenQuocVuong" */;
			compatibilityVersion = "Xcode 12.0";
			developmentRegion = en;
			hasScannedForEncodings = 0;
			knownRegions = (
				en,
				Base,
			);
			mainGroup = 83CBB9F61A601CBA00E9B192;
			productRefGroup = 83CBBA001A601CBA00E9B192 /* Products */;
			projectDirPath = "";
			projectRoot = "";
			targets = (
				13B07F861A680F5B00A75B9A /* PS33232_NguyenQuocVuong */,
				00E356ED1AD99517003FC87E /* PS33232_NguyenQuocVuongTests */,
			);
		};
/* End PBXProject section */

/* Begin PBXResourcesBuildPhase section */
		00E356EC1AD99517003FC87E /* Resources */ = {
			isa = PBXResourcesBuildPhase;
			buildActionMask = 2147483647;
			files = (
			);
			runOnlyForDeploymentPostprocessing = 0;
		};
		13B07F8E1A680F5B00A75B9A /* Resources */ = {
			isa = PBXResourcesBuildPhase;
			buildActionMask = 2147483647;
			files = (
				81AB9BB82411601600AC10FF /* LaunchScreen.storyboard in Resources */,
				13B07FBF1A68108700A75B9A /* Images.xcassets in Resources */,
				D6B5842113684F17B35C3A22 /* Lato-Black.ttf in Resources */,
				F5421D1CE452402EA9BA26C1 /* Lato-BlackItalic.ttf in Resources */,
				9FB120C1F7AE424A901E0345 /* Lato-Bold.ttf in Resources */,
				850011BF914B4100B0FEF6B5 /* Lato-BoldItalic.ttf in Resources */,
				BB3032249BFB4F379BB753BB /* Lato-Italic.ttf in Resources */,
				47D48D683A1F4623BE6DBAAC /* Lato-Light.ttf in Resources */,
				ADB0444688324932AFC7E144 /* Lato-LightItalic.ttf in Resources */,
				2ADC77264FF747E98C0481FE /* Lato-Regular.ttf in Resources */,
				880CF929A1C84A60A2DA0BDB /* Lato-Thin.ttf in Resources */,
				699BF3BE7A114973A6B0DDD9 /* Lato-ThinItalic.ttf in Resources */,
				05CAF7208BB943168E557A43 /* Poppins-Black.ttf in Resources */,
				9FE9DD27655549929E129407 /* Poppins-BlackItalic.ttf in Resources */,
				F0AC614E927D4F0485C7F75B /* Poppins-Bold.ttf in Resources */,
				ECA2572FB2B848A3865B9582 /* Poppins-BoldItalic.ttf in Resources */,
				E29C53B8B642470188E6E7AA /* Poppins-ExtraBold.ttf in Resources */,
				541F03CE87B24828B1316702 /* Poppins-ExtraBoldItalic.ttf in Resources */,
				0963E2DB529C4647AC27C0FD /* Poppins-ExtraLight.ttf in Resources */,
				AB55E3D770F64678B744A566 /* Poppins-ExtraLightItalic.ttf in Resources */,
				97581068333047D7B3B2DBE3 /* Poppins-Italic.ttf in Resources */,
				49B6B8EE9B954700B093C1A5 /* Poppins-Light.ttf in Resources */,
				11D5D30AACAC4427A2DAC4C1 /* Poppins-LightItalic.ttf in Resources */,
				1DE6A2A8813445BB908C3A31 /* Poppins-Medium.ttf in Resources */,
				C78F4083005F4F13936F613D /* Poppins-MediumItalic.ttf in Resources */,
				3BC6ABE0414E488B9278976C /* Poppins-Regular.ttf in Resources */,
				B5D76B714E0B4E4BA812319B /* Poppins-SemiBold.ttf in Resources */,
				D15FCC34BA214246885E2938 /* Poppins-SemiBoldItalic.ttf in Resources */,
				728A40B62EC74C0C94E93E3B /* Poppins-Thin.ttf in Resources */,
				D29B30900D954A18B3F436DD /* Poppins-ThinItalic.ttf in Resources */,
				20C2B1190C504DC78C7DADAF /* Lato.zip in Resources */,
				95EF0CBAB1D743FC92AF1A6A /* OFL.txt in Resources */,
				BCD9F149D3734A4685964C3F /* Poppins.zip in Resources */,
			);
			runOnlyForDeploymentPostprocessing = 0;
		};
/* End PBXResourcesBuildPhase section */

/* Begin PBXShellScriptBuildPhase section */
		00DD1BFF1BD5951E006B06BC /* Bundle React Native code and images */ = {
			isa = PBXShellScriptBuildPhase;
			buildActionMask = 2147483647;
			files = (
			);
			inputPaths = (
				"$(SRCROOT)/.xcode.env.local",
				"$(SRCROOT)/.xcode.env",
			);
			name = "Bundle React Native code and images";
			outputPaths = (
			);
			runOnlyForDeploymentPostprocessing = 0;
			shellPath = /bin/sh;
			shellScript = "set -e\n\nWITH_ENVIRONMENT=\"../node_modules/react-native/scripts/xcode/with-environment.sh\"\nREACT_NATIVE_XCODE=\"../node_modules/react-native/scripts/react-native-xcode.sh\"\n\n/bin/sh -c \"$WITH_ENVIRONMENT $REACT_NATIVE_XCODE\"\n";
		};
		00EEFC60759A1932668264C0 /* [CP] Embed Pods Frameworks */ = {
			isa = PBXShellScriptBuildPhase;
			buildActionMask = 2147483647;
			files = (
			);
			inputFileListPaths = (
				"${PODS_ROOT}/Target Support Files/Pods-PS33232_NguyenQuocVuong/Pods-PS33232_NguyenQuocVuong-frameworks-${CONFIGURATION}-input-files.xcfilelist",
			);
			name = "[CP] Embed Pods Frameworks";
			outputFileListPaths = (
				"${PODS_ROOT}/Target Support Files/Pods-PS33232_NguyenQuocVuong/Pods-PS33232_NguyenQuocVuong-frameworks-${CONFIGURATION}-output-files.xcfilelist",
			);
			runOnlyForDeploymentPostprocessing = 0;
			shellPath = /bin/sh;
			shellScript = "\"${PODS_ROOT}/Target Support Files/Pods-PS33232_NguyenQuocVuong/Pods-PS33232_NguyenQuocVuong-frameworks.sh\"\n";
			showEnvVarsInLog = 0;
		};
		A55EABD7B0C7F3A422A6CC61 /* [CP] Check Pods Manifest.lock */ = {
			isa = PBXShellScriptBuildPhase;
			buildActionMask = 2147483647;
			files = (
			);
			inputFileListPaths = (
			);
			inputPaths = (
				"${PODS_PODFILE_DIR_PATH}/Podfile.lock",
				"${PODS_ROOT}/Manifest.lock",
			);
			name = "[CP] Check Pods Manifest.lock";
			outputFileListPaths = (
			);
			outputPaths = (
				"$(DERIVED_FILE_DIR)/Pods-PS33232_NguyenQuocVuong-PS33232_NguyenQuocVuongTests-checkManifestLockResult.txt",
			);
			runOnlyForDeploymentPostprocessing = 0;
			shellPath = /bin/sh;
			shellScript = "diff \"${PODS_PODFILE_DIR_PATH}/Podfile.lock\" \"${PODS_ROOT}/Manifest.lock\" > /dev/null\nif [ $? != 0 ] ; then\n    # print error to STDERR\n    echo \"error: The sandbox is not in sync with the Podfile.lock. Run 'pod install' or update your CocoaPods installation.\" >&2\n    exit 1\nfi\n# This output is used by Xcode 'outputs' to avoid re-running this script phase.\necho \"SUCCESS\" > \"${SCRIPT_OUTPUT_FILE_0}\"\n";
			showEnvVarsInLog = 0;
		};
		C38B50BA6285516D6DCD4F65 /* [CP] Check Pods Manifest.lock */ = {
			isa = PBXShellScriptBuildPhase;
			buildActionMask = 2147483647;
			files = (
			);
			inputFileListPaths = (
			);
			inputPaths = (
				"${PODS_PODFILE_DIR_PATH}/Podfile.lock",
				"${PODS_ROOT}/Manifest.lock",
			);
			name = "[CP] Check Pods Manifest.lock";
			outputFileListPaths = (
			);
			outputPaths = (
				"$(DERIVED_FILE_DIR)/Pods-PS33232_NguyenQuocVuong-checkManifestLockResult.txt",
			);
			runOnlyForDeploymentPostprocessing = 0;
			shellPath = /bin/sh;
			shellScript = "diff \"${PODS_PODFILE_DIR_PATH}/Podfile.lock\" \"${PODS_ROOT}/Manifest.lock\" > /dev/null\nif [ $? != 0 ] ; then\n    # print error to STDERR\n    echo \"error: The sandbox is not in sync with the Podfile.lock. Run 'pod install' or update your CocoaPods installation.\" >&2\n    exit 1\nfi\n# This output is used by Xcode 'outputs' to avoid re-running this script phase.\necho \"SUCCESS\" > \"${SCRIPT_OUTPUT_FILE_0}\"\n";
			showEnvVarsInLog = 0;
		};
		C59DA0FBD6956966B86A3779 /* [CP] Embed Pods Frameworks */ = {
			isa = PBXShellScriptBuildPhase;
			buildActionMask = 2147483647;
			files = (
			);
			inputFileListPaths = (
				"${PODS_ROOT}/Target Support Files/Pods-PS33232_NguyenQuocVuong-PS33232_NguyenQuocVuongTests/Pods-PS33232_NguyenQuocVuong-PS33232_NguyenQuocVuongTests-frameworks-${CONFIGURATION}-input-files.xcfilelist",
			);
			name = "[CP] Embed Pods Frameworks";
			outputFileListPaths = (
				"${PODS_ROOT}/Target Support Files/Pods-PS33232_NguyenQuocVuong-PS33232_NguyenQuocVuongTests/Pods-PS33232_NguyenQuocVuong-PS33232_NguyenQuocVuongTests-frameworks-${CONFIGURATION}-output-files.xcfilelist",
			);
			runOnlyForDeploymentPostprocessing = 0;
			shellPath = /bin/sh;
			shellScript = "\"${PODS_ROOT}/Target Support Files/Pods-PS33232_NguyenQuocVuong-PS33232_NguyenQuocVuongTests/Pods-PS33232_NguyenQuocVuong-PS33232_NguyenQuocVuongTests-frameworks.sh\"\n";
			showEnvVarsInLog = 0;
		};
		E235C05ADACE081382539298 /* [CP] Copy Pods Resources */ = {
			isa = PBXShellScriptBuildPhase;
			buildActionMask = 2147483647;
			files = (
			);
			inputFileListPaths = (
				"${PODS_ROOT}/Target Support Files/Pods-PS33232_NguyenQuocVuong/Pods-PS33232_NguyenQuocVuong-resources-${CONFIGURATION}-input-files.xcfilelist",
			);
			name = "[CP] Copy Pods Resources";
			outputFileListPaths = (
				"${PODS_ROOT}/Target Support Files/Pods-PS33232_NguyenQuocVuong/Pods-PS33232_NguyenQuocVuong-resources-${CONFIGURATION}-output-files.xcfilelist",
			);
			runOnlyForDeploymentPostprocessing = 0;
			shellPath = /bin/sh;
			shellScript = "\"${PODS_ROOT}/Target Support Files/Pods-PS33232_NguyenQuocVuong/Pods-PS33232_NguyenQuocVuong-resources.sh\"\n";
			showEnvVarsInLog = 0;
		};
		F6A41C54EA430FDDC6A6ED99 /* [CP] Copy Pods Resources */ = {
			isa = PBXShellScriptBuildPhase;
			buildActionMask = 2147483647;
			files = (
			);
			inputFileListPaths = (
				"${PODS_ROOT}/Target Support Files/Pods-PS33232_NguyenQuocVuong-PS33232_NguyenQuocVuongTests/Pods-PS33232_NguyenQuocVuong-PS33232_NguyenQuocVuongTests-resources-${CONFIGURATION}-input-files.xcfilelist",
			);
			name = "[CP] Copy Pods Resources";
			outputFileListPaths = (
				"${PODS_ROOT}/Target Support Files/Pods-PS33232_NguyenQuocVuong-PS33232_NguyenQuocVuongTests/Pods-PS33232_NguyenQuocVuong-PS33232_NguyenQuocVuongTests-resources-${CONFIGURATION}-output-files.xcfilelist",
			);
			runOnlyForDeploymentPostprocessing = 0;
			shellPath = /bin/sh;
			shellScript = "\"${PODS_ROOT}/Target Support Files/Pods-PS33232_NguyenQuocVuong-PS33232_NguyenQuocVuongTests/Pods-PS33232_NguyenQuocVuong-PS33232_NguyenQuocVuongTests-resources.sh\"\n";
			showEnvVarsInLog = 0;
		};
/* End PBXShellScriptBuildPhase section */

/* Begin PBXSourcesBuildPhase section */
		00E356EA1AD99517003FC87E /* Sources */ = {
			isa = PBXSourcesBuildPhase;
			buildActionMask = 2147483647;
			files = (
				00E356F31AD99517003FC87E /* PS33232_NguyenQuocVuongTests.m in Sources */,
			);
			runOnlyForDeploymentPostprocessing = 0;
		};
		13B07F871A680F5B00A75B9A /* Sources */ = {
			isa = PBXSourcesBuildPhase;
			buildActionMask = 2147483647;
			files = (
				13B07FBC1A68108700A75B9A /* AppDelegate.mm in Sources */,
				13B07FC11A68108700A75B9A /* main.m in Sources */,
			);
			runOnlyForDeploymentPostprocessing = 0;
		};
/* End PBXSourcesBuildPhase section */

/* Begin PBXTargetDependency section */
		00E356F51AD99517003FC87E /* PBXTargetDependency */ = {
			isa = PBXTargetDependency;
			target = 13B07F861A680F5B00A75B9A /* PS33232_NguyenQuocVuong */;
			targetProxy = 00E356F41AD99517003FC87E /* PBXContainerItemProxy */;
		};
/* End PBXTargetDependency section */

/* Begin XCBuildConfiguration section */
		00E356F61AD99517003FC87E /* Debug */ = {
			isa = XCBuildConfiguration;
			baseConfigurationReference = 5B7EB9410499542E8C5724F5 /* Pods-PS33232_NguyenQuocVuong-PS33232_NguyenQuocVuongTests.debug.xcconfig */;
			buildSettings = {
				BUNDLE_LOADER = "$(TEST_HOST)";
				GCC_PREPROCESSOR_DEFINITIONS = (
					"DEBUG=1",
					"$(inherited)",
				);
				INFOPLIST_FILE = PS33232_NguyenQuocVuongTests/Info.plist;
				IPHONEOS_DEPLOYMENT_TARGET = 13.4;
				LD_RUNPATH_SEARCH_PATHS = (
					"$(inherited)",
					"@executable_path/Frameworks",
					"@loader_path/Frameworks",
				);
				OTHER_LDFLAGS = (
					"-ObjC",
					"-lc++",
					"$(inherited)",
				);
				PRODUCT_BUNDLE_IDENTIFIER = "org.reactjs.native.example.$(PRODUCT_NAME:rfc1034identifier)";
				PRODUCT_NAME = "$(TARGET_NAME)";
				TEST_HOST = "$(BUILT_PRODUCTS_DIR)/PS33232_NguyenQuocVuong.app/PS33232_NguyenQuocVuong";
			};
			name = Debug;
		};
		00E356F71AD99517003FC87E /* Release */ = {
			isa = XCBuildConfiguration;
			baseConfigurationReference = 89C6BE57DB24E9ADA2F236DE /* Pods-PS33232_NguyenQuocVuong-PS33232_NguyenQuocVuongTests.release.xcconfig */;
			buildSettings = {
				BUNDLE_LOADER = "$(TEST_HOST)";
				COPY_PHASE_STRIP = NO;
				INFOPLIST_FILE = PS33232_NguyenQuocVuongTests/Info.plist;
				IPHONEOS_DEPLOYMENT_TARGET = 13.4;
				LD_RUNPATH_SEARCH_PATHS = (
					"$(inherited)",
					"@executable_path/Frameworks",
					"@loader_path/Frameworks",
				);
				OTHER_LDFLAGS = (
					"-ObjC",
					"-lc++",
					"$(inherited)",
				);
				PRODUCT_BUNDLE_IDENTIFIER = "org.reactjs.native.example.$(PRODUCT_NAME:rfc1034identifier)";
				PRODUCT_NAME = "$(TARGET_NAME)";
				TEST_HOST = "$(BUILT_PRODUCTS_DIR)/PS33232_NguyenQuocVuong.app/PS33232_NguyenQuocVuong";
			};
			name = Release;
		};
		13B07F941A680F5B00A75B9A /* Debug */ = {
			isa = XCBuildConfiguration;
			baseConfigurationReference = 3B4392A12AC88292D35C810B /* Pods-PS33232_NguyenQuocVuong.debug.xcconfig */;
			buildSettings = {
				ASSETCATALOG_COMPILER_APPICON_NAME = AppIcon;
				CLANG_ENABLE_MODULES = YES;
				CURRENT_PROJECT_VERSION = 1;
				ENABLE_BITCODE = NO;
				INFOPLIST_FILE = PS33232_NguyenQuocVuong/Info.plist;
				LD_RUNPATH_SEARCH_PATHS = (
					"$(inherited)",
					"@executable_path/Frameworks",
				);
				MARKETING_VERSION = 1.0;
				OTHER_LDFLAGS = (
					"$(inherited)",
					"-ObjC",
					"-lc++",
				);
				PRODUCT_BUNDLE_IDENTIFIER = "org.reactjs.native.example.$(PRODUCT_NAME:rfc1034identifier)";
				PRODUCT_NAME = PS33232_NguyenQuocVuong;
				SWIFT_OPTIMIZATION_LEVEL = "-Onone";
				SWIFT_VERSION = 5.0;
				VERSIONING_SYSTEM = "apple-generic";
			};
			name = Debug;
		};
		13B07F951A680F5B00A75B9A /* Release */ = {
			isa = XCBuildConfiguration;
			baseConfigurationReference = 5709B34CF0A7D63546082F79 /* Pods-PS33232_NguyenQuocVuong.release.xcconfig */;
			buildSettings = {
				ASSETCATALOG_COMPILER_APPICON_NAME = AppIcon;
				CLANG_ENABLE_MODULES = YES;
				CURRENT_PROJECT_VERSION = 1;
				INFOPLIST_FILE = PS33232_NguyenQuocVuong/Info.plist;
				LD_RUNPATH_SEARCH_PATHS = (
					"$(inherited)",
					"@executable_path/Frameworks",
				);
				MARKETING_VERSION = 1.0;
				OTHER_LDFLAGS = (
					"$(inherited)",
					"-ObjC",
					"-lc++",
				);
				PRODUCT_BUNDLE_IDENTIFIER = "org.reactjs.native.example.$(PRODUCT_NAME:rfc1034identifier)";
				PRODUCT_NAME = PS33232_NguyenQuocVuong;
				SWIFT_VERSION = 5.0;
				VERSIONING_SYSTEM = "apple-generic";
			};
			name = Release;
		};
		83CBBA201A601CBA00E9B192 /* Debug */ = {
			isa = XCBuildConfiguration;
			buildSettings = {
				ALWAYS_SEARCH_USER_PATHS = NO;
				CLANG_ANALYZER_LOCALIZABILITY_NONLOCALIZED = YES;
				CLANG_CXX_LANGUAGE_STANDARD = "c++20";
				CLANG_CXX_LIBRARY = "libc++";
				CLANG_ENABLE_MODULES = YES;
				CLANG_ENABLE_OBJC_ARC = YES;
				CLANG_WARN_BLOCK_CAPTURE_AUTORELEASING = YES;
				CLANG_WARN_BOOL_CONVERSION = YES;
				CLANG_WARN_COMMA = YES;
				CLANG_WARN_CONSTANT_CONVERSION = YES;
				CLANG_WARN_DEPRECATED_OBJC_IMPLEMENTATIONS = YES;
				CLANG_WARN_DIRECT_OBJC_ISA_USAGE = YES_ERROR;
				CLANG_WARN_EMPTY_BODY = YES;
				CLANG_WARN_ENUM_CONVERSION = YES;
				CLANG_WARN_INFINITE_RECURSION = YES;
				CLANG_WARN_INT_CONVERSION = YES;
				CLANG_WARN_NON_LITERAL_NULL_CONVERSION = YES;
				CLANG_WARN_OBJC_IMPLICIT_RETAIN_SELF = YES;
				CLANG_WARN_OBJC_LITERAL_CONVERSION = YES;
				CLANG_WARN_OBJC_ROOT_CLASS = YES_ERROR;
				CLANG_WARN_QUOTED_INCLUDE_IN_FRAMEWORK_HEADER = YES;
				CLANG_WARN_RANGE_LOOP_ANALYSIS = YES;
				CLANG_WARN_STRICT_PROTOTYPES = YES;
				CLANG_WARN_SUSPICIOUS_MOVE = YES;
				CLANG_WARN_UNREACHABLE_CODE = YES;
				CLANG_WARN__DUPLICATE_METHOD_MATCH = YES;
				"CODE_SIGN_IDENTITY[sdk=iphoneos*]" = "iPhone Developer";
				COPY_PHASE_STRIP = NO;
				ENABLE_STRICT_OBJC_MSGSEND = YES;
				ENABLE_TESTABILITY = YES;
				"EXCLUDED_ARCHS[sdk=iphonesimulator*]" = "";
				GCC_C_LANGUAGE_STANDARD = gnu99;
				GCC_DYNAMIC_NO_PIC = NO;
				GCC_NO_COMMON_BLOCKS = YES;
				GCC_OPTIMIZATION_LEVEL = 0;
				GCC_PREPROCESSOR_DEFINITIONS = (
					"DEBUG=1",
					"$(inherited)",
				);
				GCC_SYMBOLS_PRIVATE_EXTERN = NO;
				GCC_WARN_64_TO_32_BIT_CONVERSION = YES;
				GCC_WARN_ABOUT_RETURN_TYPE = YES_ERROR;
				GCC_WARN_UNDECLARED_SELECTOR = YES;
				GCC_WARN_UNINITIALIZED_AUTOS = YES_AGGRESSIVE;
				GCC_WARN_UNUSED_FUNCTION = YES;
				GCC_WARN_UNUSED_VARIABLE = YES;
				IPHONEOS_DEPLOYMENT_TARGET = 13.4;
				LD_RUNPATH_SEARCH_PATHS = (
					/usr/lib/swift,
					"$(inherited)",
				);
				LIBRARY_SEARCH_PATHS = (
					"\"$(SDKROOT)/usr/lib/swift\"",
					"\"$(TOOLCHAIN_DIR)/usr/lib/swift/$(PLATFORM_NAME)\"",
					"\"$(inherited)\"",
				);
				MTL_ENABLE_DEBUG_INFO = YES;
				ONLY_ACTIVE_ARCH = YES;
				OTHER_CPLUSPLUSFLAGS = (
					"$(OTHER_CFLAGS)",
					"-DFOLLY_NO_CONFIG",
					"-DFOLLY_MOBILE=1",
					"-DFOLLY_USE_LIBCPP=1",
					"-DFOLLY_CFG_NO_COROUTINES=1",
				);
				SDKROOT = iphoneos;
			};
			name = Debug;
		};
		83CBBA211A601CBA00E9B192 /* Release */ = {
			isa = XCBuildConfiguration;
			buildSettings = {
				ALWAYS_SEARCH_USER_PATHS = NO;
				CLANG_ANALYZER_LOCALIZABILITY_NONLOCALIZED = YES;
				CLANG_CXX_LANGUAGE_STANDARD = "c++20";
				CLANG_CXX_LIBRARY = "libc++";
				CLANG_ENABLE_MODULES = YES;
				CLANG_ENABLE_OBJC_ARC = YES;
				CLANG_WARN_BLOCK_CAPTURE_AUTORELEASING = YES;
				CLANG_WARN_BOOL_CONVERSION = YES;
				CLANG_WARN_COMMA = YES;
				CLANG_WARN_CONSTANT_CONVERSION = YES;
				CLANG_WARN_DEPRECATED_OBJC_IMPLEMENTATIONS = YES;
				CLANG_WARN_DIRECT_OBJC_ISA_USAGE = YES_ERROR;
				CLANG_WARN_EMPTY_BODY = YES;
				CLANG_WARN_ENUM_CONVERSION = YES;
				CLANG_WARN_INFINITE_RECURSION = YES;
				CLANG_WARN_INT_CONVERSION = YES;
				CLANG_WARN_NON_LITERAL_NULL_CONVERSION = YES;
				CLANG_WARN_OBJC_IMPLICIT_RETAIN_SELF = YES;
				CLANG_WARN_OBJC_LITERAL_CONVERSION = YES;
				CLANG_WARN_OBJC_ROOT_CLASS = YES_ERROR;
				CLANG_WARN_QUOTED_INCLUDE_IN_FRAMEWORK_HEADER = YES;
				CLANG_WARN_RANGE_LOOP_ANALYSIS = YES;
				CLANG_WARN_STRICT_PROTOTYPES = YES;
				CLANG_WARN_SUSPICIOUS_MOVE = YES;
				CLANG_WARN_UNREACHABLE_CODE = YES;
				CLANG_WARN__DUPLICATE_METHOD_MATCH = YES;
				"CODE_SIGN_IDENTITY[sdk=iphoneos*]" = "iPhone Developer";
				COPY_PHASE_STRIP = YES;
				ENABLE_NS_ASSERTIONS = NO;
				ENABLE_STRICT_OBJC_MSGSEND = YES;
				"EXCLUDED_ARCHS[sdk=iphonesimulator*]" = "";
				GCC_C_LANGUAGE_STANDARD = gnu99;
				GCC_NO_COMMON_BLOCKS = YES;
				GCC_WARN_64_TO_32_BIT_CONVERSION = YES;
				GCC_WARN_ABOUT_RETURN_TYPE = YES_ERROR;
				GCC_WARN_UNDECLARED_SELECTOR = YES;
				GCC_WARN_UNINITIALIZED_AUTOS = YES_AGGRESSIVE;
				GCC_WARN_UNUSED_FUNCTION = YES;
				GCC_WARN_UNUSED_VARIABLE = YES;
				IPHONEOS_DEPLOYMENT_TARGET = 13.4;
				LD_RUNPATH_SEARCH_PATHS = (
					/usr/lib/swift,
					"$(inherited)",
				);
				LIBRARY_SEARCH_PATHS = (
					"\"$(SDKROOT)/usr/lib/swift\"",
					"\"$(TOOLCHAIN_DIR)/usr/lib/swift/$(PLATFORM_NAME)\"",
					"\"$(inherited)\"",
				);
				MTL_ENABLE_DEBUG_INFO = NO;
				OTHER_CPLUSPLUSFLAGS = (
					"$(OTHER_CFLAGS)",
					"-DFOLLY_NO_CONFIG",
					"-DFOLLY_MOBILE=1",
					"-DFOLLY_USE_LIBCPP=1",
					"-DFOLLY_CFG_NO_COROUTINES=1",
				);
				SDKROOT = iphoneos;
				VALIDATE_PRODUCT = YES;
			};
			name = Release;
		};
/* End XCBuildConfiguration section */

/* Begin XCConfigurationList section */
		00E357021AD99517003FC87E /* Build configuration list for PBXNativeTarget "PS33232_NguyenQuocVuongTests" */ = {
			isa = XCConfigurationList;
			buildConfigurations = (
				00E356F61AD99517003FC87E /* Debug */,
				00E356F71AD99517003FC87E /* Release */,
			);
			defaultConfigurationIsVisible = 0;
			defaultConfigurationName = Release;
		};
		13B07F931A680F5B00A75B9A /* Build configuration list for PBXNativeTarget "PS33232_NguyenQuocVuong" */ = {
			isa = XCConfigurationList;
			buildConfigurations = (
				13B07F941A680F5B00A75B9A /* Debug */,
				13B07F951A680F5B00A75B9A /* Release */,
			);
			defaultConfigurationIsVisible = 0;
			defaultConfigurationName = Release;
		};
		83CBB9FA1A601CBA00E9B192 /* Build configuration list for PBXProject "PS33232_NguyenQuocVuong" */ = {
			isa = XCConfigurationList;
			buildConfigurations = (
				83CBBA201A601CBA00E9B192 /* Debug */,
				83CBBA211A601CBA00E9B192 /* Release */,
			);
			defaultConfigurationIsVisible = 0;
			defaultConfigurationName = Release;
		};
/* End XCConfigurationList section */
	};
	rootObject = 83CBB9F71A601CBA00E9B192 /* Project object */;
}
